
Microsoft Visual Studio Solution File, Format Version 12.00
# Visual Studio Version 17
VisualStudioVersion = 17.0.31903.59
MinimumVisualStudioVersion = 10.0.40219.1
Project("{2150E333-8FDC-42A3-9474-1A3956D46DE8}") = "UrlShortener.API", "UrlShortener.API", "{A8A34DB2-E65A-42E2-A668-4D9179BF7507}"
EndProject
Project("{9A19103F-16F7-4668-BE54-9A1E7A4F7556}") = "UrlShortener.Api", "Api\UrlShortener.Api.csproj", "{9D36B51E-DC2D-4CBC-A836-211960F06C61}"
EndProject
Project("{2150E333-8FDC-42A3-9474-1A3956D46DE8}") = "Infrastructure", "Infrastructure", "{F164BED6-1228-4283-9A27-98E03AB2AAC3}"
EndProject
Project("{2150E333-8FDC-42A3-9474-1A3956D46DE8}") = "api", "api", "{185824D9-E2FE-46CF-A603-55220EC14EE2}"
EndProject
Project("{2150E333-8FDC-42A3-9474-1A3956D46DE8}") = "src", "src", "{A78DB264-3D4D-4EBE-9F3A-ACDFAC486DB4}"
EndProject
Project("{2150E333-8FDC-42A3-9474-1A3956D46DE8}") = "tst", "tst", "{7D7F2F83-7625-4477-A75A-FF3F8015E397}"
EndProject
Project("{FAE04EC0-301F-11D3-BF4B-00C04F79EFBC}") = "UrlShortener.Api.Core.Tests", "UrlShortener.Api.Core.Tests\UrlShortener.Api.Core.Tests.csproj", "{FCF6E908-AB29-4F56-B920-8A9C103237BE}"
EndProject
Project("{FAE04EC0-301F-11D3-BF4B-00C04F79EFBC}") = "UrlShortener.Api.Core", "UrlShortener.Api.Core\UrlShortener.Api.Core.csproj", "{E48CC27D-A01F-4154-A3AA-B5ABB66E082D}"
EndProject
Global
	GlobalSection(SolutionConfigurationPlatforms) = preSolution
		Debug|Any CPU = Debug|Any CPU
		Release|Any CPU = Release|Any CPU
	EndGlobalSection
	GlobalSection(ProjectConfigurationPlatforms) = postSolution
		{9D36B51E-DC2D-4CBC-A836-211960F06C61}.Debug|Any CPU.ActiveCfg = Debug|Any CPU
		{9D36B51E-DC2D-4CBC-A836-211960F06C61}.Debug|Any CPU.Build.0 = Debug|Any CPU
		{9D36B51E-DC2D-4CBC-A836-211960F06C61}.Release|Any CPU.ActiveCfg = Release|Any CPU
		{9D36B51E-DC2D-4CBC-A836-211960F06C61}.Release|Any CPU.Build.0 = Release|Any CPU
		{FCF6E908-AB29-4F56-B920-8A9C103237BE}.Debug|Any CPU.ActiveCfg = Debug|Any CPU
		{FCF6E908-AB29-4F56-B920-8A9C103237BE}.Debug|Any CPU.Build.0 = Debug|Any CPU
		{FCF6E908-AB29-4F56-B920-8A9C103237BE}.Release|Any CPU.ActiveCfg = Release|Any CPU
		{FCF6E908-AB29-4F56-B920-8A9C103237BE}.Release|Any CPU.Build.0 = Release|Any CPU
		{E48CC27D-A01F-4154-A3AA-B5ABB66E082D}.Debug|Any CPU.ActiveCfg = Debug|Any CPU
		{E48CC27D-A01F-4154-A3AA-B5ABB66E082D}.Debug|Any CPU.Build.0 = Debug|Any CPU
		{E48CC27D-A01F-4154-A3AA-B5ABB66E082D}.Release|Any CPU.ActiveCfg = Release|Any CPU
		{E48CC27D-A01F-4154-A3AA-B5ABB66E082D}.Release|Any CPU.Build.0 = Release|Any CPU
	EndGlobalSection
	GlobalSection(SolutionProperties) = preSolution
		HideSolutionNode = FALSE
	EndGlobalSection
	GlobalSection(NestedProjects) = preSolution
		{A8A34DB2-E65A-42E2-A668-4D9179BF7507} = {A78DB264-3D4D-4EBE-9F3A-ACDFAC486DB4}
		{9D36B51E-DC2D-4CBC-A836-211960F06C61} = {A8A34DB2-E65A-42E2-A668-4D9179BF7507}
		{A78DB264-3D4D-4EBE-9F3A-ACDFAC486DB4} = {185824D9-E2FE-46CF-A603-55220EC14EE2}
		{7D7F2F83-7625-4477-A75A-FF3F8015E397} = {185824D9-E2FE-46CF-A603-55220EC14EE2}
		{FCF6E908-AB29-4F56-B920-8A9C103237BE} = {7D7F2F83-7625-4477-A75A-FF3F8015E397}
		{E48CC27D-A01F-4154-A3AA-B5ABB66E082D} = {A78DB264-3D4D-4EBE-9F3A-ACDFAC486DB4}
	EndGlobalSection
	GlobalSection(ExtensibilityGlobals) = postSolution
		SolutionGuid = {8875F9B5-9925-4409-8907-F827CD4836C8}
	EndGlobalSection
EndGlobal
